
Microsoft Visual Studio Solution File, Format Version 12.00
# Visual Studio Version 17
VisualStudioVersion = 17.11.35327.3
MinimumVisualStudioVersion = 10.0.40219.1
Project("{9A19103F-16F7-4668-BE54-9A1E7A4F7556}") = "WebApp", "WebApp\WebApp.csproj", "{AA332DFA-6D3C-4EB8-89AA-A07ADEF5AA10}"
EndProject
Project("{2150E333-8FDC-42A3-9474-1A3956D46DE8}") = "App", "App", "{221C766D-ACF9-4973-9B7E-CB181F52B633}"
EndProject
Project("{2150E333-8FDC-42A3-9474-1A3956D46DE8}") = "Base", "Base", "{3F1B257B-BA9E-4155-99C4-C9904AD66F4E}"
EndProject
Project("{2150E333-8FDC-42A3-9474-1A3956D46DE8}") = "SolutionItems", "SolutionItems", "{928B14AA-D29B-4D99-A755-EFF89EAEF842}"
EndProject
Project("{9A19103F-16F7-4668-BE54-9A1E7A4F7556}") = "Base.Contracts", "Base.Contracts\Base.Contracts.csproj", "{AA2025C5-CA9E-45D7-A7DB-379D77D37B65}"
EndProject
Project("{9A19103F-16F7-4668-BE54-9A1E7A4F7556}") = "Base.Contracts.DAL", "Base.Contracts.DAL\Base.Contracts.DAL.csproj", "{AD174EB3-561A-4B3B-949F-3F3F188A59FD}"
EndProject
Project("{9A19103F-16F7-4668-BE54-9A1E7A4F7556}") = "Base.Contracts.Domain", "Base.Contracts.Domain\Base.Contracts.Domain.csproj", "{C5ACC183-F94A-4D59-9696-AAF61C4357EA}"
EndProject
Project("{9A19103F-16F7-4668-BE54-9A1E7A4F7556}") = "Base.DAL", "Base.DAL\Base.DAL.csproj", "{EA50BE71-482B-4480-A436-94249F39486D}"
EndProject
Project("{9A19103F-16F7-4668-BE54-9A1E7A4F7556}") = "Base.DAL.EF", "Base.DAL.EF\Base.DAL.EF.csproj", "{CD4293E7-58D1-4668-98FE-B4448CE4A0FD}"
EndProject
Project("{9A19103F-16F7-4668-BE54-9A1E7A4F7556}") = "Base.Domain", "Base.Domain\Base.Domain.csproj", "{ED4EB422-7C92-4E32-BF26-C326497027A6}"
EndProject
Project("{9A19103F-16F7-4668-BE54-9A1E7A4F7556}") = "App.Contracts.DAL", "App.Contracts.DAL\App.Contracts.DAL.csproj", "{7DD3E877-0125-4BD0-B0FE-66D0284ED7E2}"
EndProject
Project("{9A19103F-16F7-4668-BE54-9A1E7A4F7556}") = "App.DAL.EF", "App.DAL.EF\App.DAL.EF.csproj", "{145AE1C5-5768-4661-A953-79475605B696}"
EndProject
Project("{9A19103F-16F7-4668-BE54-9A1E7A4F7556}") = "App.Domain", "App.Domain\App.Domain.csproj", "{274F907A-E519-4A8A-82B2-90B6A9CF65D7}"
EndProject
Global
	GlobalSection(SolutionConfigurationPlatforms) = preSolution
		Debug|Any CPU = Debug|Any CPU
		Release|Any CPU = Release|Any CPU
	EndGlobalSection
	GlobalSection(ProjectConfigurationPlatforms) = postSolution
		{AA332DFA-6D3C-4EB8-89AA-A07ADEF5AA10}.Debug|Any CPU.ActiveCfg = Debug|Any CPU
		{AA332DFA-6D3C-4EB8-89AA-A07ADEF5AA10}.Debug|Any CPU.Build.0 = Debug|Any CPU
		{AA332DFA-6D3C-4EB8-89AA-A07ADEF5AA10}.Release|Any CPU.ActiveCfg = Release|Any CPU
		{AA332DFA-6D3C-4EB8-89AA-A07ADEF5AA10}.Release|Any CPU.Build.0 = Release|Any CPU
		{AA2025C5-CA9E-45D7-A7DB-379D77D37B65}.Debug|Any CPU.ActiveCfg = Debug|Any CPU
		{AA2025C5-CA9E-45D7-A7DB-379D77D37B65}.Debug|Any CPU.Build.0 = Debug|Any CPU
		{AA2025C5-CA9E-45D7-A7DB-379D77D37B65}.Release|Any CPU.ActiveCfg = Release|Any CPU
		{AA2025C5-CA9E-45D7-A7DB-379D77D37B65}.Release|Any CPU.Build.0 = Release|Any CPU
		{AD174EB3-561A-4B3B-949F-3F3F188A59FD}.Debug|Any CPU.ActiveCfg = Debug|Any CPU
		{AD174EB3-561A-4B3B-949F-3F3F188A59FD}.Debug|Any CPU.Build.0 = Debug|Any CPU
		{AD174EB3-561A-4B3B-949F-3F3F188A59FD}.Release|Any CPU.ActiveCfg = Release|Any CPU
		{AD174EB3-561A-4B3B-949F-3F3F188A59FD}.Release|Any CPU.Build.0 = Release|Any CPU
		{C5ACC183-F94A-4D59-9696-AAF61C4357EA}.Debug|Any CPU.ActiveCfg = Debug|Any CPU
		{C5ACC183-F94A-4D59-9696-AAF61C4357EA}.Debug|Any CPU.Build.0 = Debug|Any CPU
		{C5ACC183-F94A-4D59-9696-AAF61C4357EA}.Release|Any CPU.ActiveCfg = Release|Any CPU
		{C5ACC183-F94A-4D59-9696-AAF61C4357EA}.Release|Any CPU.Build.0 = Release|Any CPU
		{EA50BE71-482B-4480-A436-94249F39486D}.Debug|Any CPU.ActiveCfg = Debug|Any CPU
		{EA50BE71-482B-4480-A436-94249F39486D}.Debug|Any CPU.Build.0 = Debug|Any CPU
		{EA50BE71-482B-4480-A436-94249F39486D}.Release|Any CPU.ActiveCfg = Release|Any CPU
		{EA50BE71-482B-4480-A436-94249F39486D}.Release|Any CPU.Build.0 = Release|Any CPU
		{CD4293E7-58D1-4668-98FE-B4448CE4A0FD}.Debug|Any CPU.ActiveCfg = Debug|Any CPU
		{CD4293E7-58D1-4668-98FE-B4448CE4A0FD}.Debug|Any CPU.Build.0 = Debug|Any CPU
		{CD4293E7-58D1-4668-98FE-B4448CE4A0FD}.Release|Any CPU.ActiveCfg = Release|Any CPU
		{CD4293E7-58D1-4668-98FE-B4448CE4A0FD}.Release|Any CPU.Build.0 = Release|Any CPU
		{ED4EB422-7C92-4E32-BF26-C326497027A6}.Debug|Any CPU.ActiveCfg = Debug|Any CPU
		{ED4EB422-7C92-4E32-BF26-C326497027A6}.Debug|Any CPU.Build.0 = Debug|Any CPU
		{ED4EB422-7C92-4E32-BF26-C326497027A6}.Release|Any CPU.ActiveCfg = Release|Any CPU
		{ED4EB422-7C92-4E32-BF26-C326497027A6}.Release|Any CPU.Build.0 = Release|Any CPU
		{7DD3E877-0125-4BD0-B0FE-66D0284ED7E2}.Debug|Any CPU.ActiveCfg = Debug|Any CPU
		{7DD3E877-0125-4BD0-B0FE-66D0284ED7E2}.Debug|Any CPU.Build.0 = Debug|Any CPU
		{7DD3E877-0125-4BD0-B0FE-66D0284ED7E2}.Release|Any CPU.ActiveCfg = Release|Any CPU
		{7DD3E877-0125-4BD0-B0FE-66D0284ED7E2}.Release|Any CPU.Build.0 = Release|Any CPU
		{145AE1C5-5768-4661-A953-79475605B696}.Debug|Any CPU.ActiveCfg = Debug|Any CPU
		{145AE1C5-5768-4661-A953-79475605B696}.Debug|Any CPU.Build.0 = Debug|Any CPU
		{145AE1C5-5768-4661-A953-79475605B696}.Release|Any CPU.ActiveCfg = Release|Any CPU
		{145AE1C5-5768-4661-A953-79475605B696}.Release|Any CPU.Build.0 = Release|Any CPU
		{274F907A-E519-4A8A-82B2-90B6A9CF65D7}.Debug|Any CPU.ActiveCfg = Debug|Any CPU
		{274F907A-E519-4A8A-82B2-90B6A9CF65D7}.Debug|Any CPU.Build.0 = Debug|Any CPU
		{274F907A-E519-4A8A-82B2-90B6A9CF65D7}.Release|Any CPU.ActiveCfg = Release|Any CPU
		{274F907A-E519-4A8A-82B2-90B6A9CF65D7}.Release|Any CPU.Build.0 = Release|Any CPU
	EndGlobalSection
	GlobalSection(SolutionProperties) = preSolution
		HideSolutionNode = FALSE
	EndGlobalSection
	GlobalSection(NestedProjects) = preSolution
		{AA332DFA-6D3C-4EB8-89AA-A07ADEF5AA10} = {221C766D-ACF9-4973-9B7E-CB181F52B633}
		{AA2025C5-CA9E-45D7-A7DB-379D77D37B65} = {3F1B257B-BA9E-4155-99C4-C9904AD66F4E}
		{AD174EB3-561A-4B3B-949F-3F3F188A59FD} = {3F1B257B-BA9E-4155-99C4-C9904AD66F4E}
		{C5ACC183-F94A-4D59-9696-AAF61C4357EA} = {3F1B257B-BA9E-4155-99C4-C9904AD66F4E}
		{EA50BE71-482B-4480-A436-94249F39486D} = {3F1B257B-BA9E-4155-99C4-C9904AD66F4E}
		{CD4293E7-58D1-4668-98FE-B4448CE4A0FD} = {3F1B257B-BA9E-4155-99C4-C9904AD66F4E}
		{ED4EB422-7C92-4E32-BF26-C326497027A6} = {3F1B257B-BA9E-4155-99C4-C9904AD66F4E}
		{7DD3E877-0125-4BD0-B0FE-66D0284ED7E2} = {221C766D-ACF9-4973-9B7E-CB181F52B633}
		{145AE1C5-5768-4661-A953-79475605B696} = {221C766D-ACF9-4973-9B7E-CB181F52B633}
		{274F907A-E519-4A8A-82B2-90B6A9CF65D7} = {221C766D-ACF9-4973-9B7E-CB181F52B633}
	EndGlobalSection
	GlobalSection(ExtensibilityGlobals) = postSolution
		SolutionGuid = {887BC407-CC9F-4A4D-83B7-CD5A7C997D88}
	EndGlobalSection
EndGlobal
