
Microsoft Visual Studio Solution File, Format Version 12.00
# Visual Studio Version 17
VisualStudioVersion = 17.11.35327.3
MinimumVisualStudioVersion = 10.0.40219.1
Project("{9A19103F-16F7-4668-BE54-9A1E7A4F7556}") = "WebApp", "WebApp\WebApp.csproj", "{2C3223AD-5AD1-4E43-A255-A5F520F6DB49}"
EndProject
Project("{2150E333-8FDC-42A3-9474-1A3956D46DE8}") = "App", "App", "{4E923E88-45F5-4DD7-9384-200762688E91}"
EndProject
Project("{2150E333-8FDC-42A3-9474-1A3956D46DE8}") = "Base", "Base", "{57D2A7B3-3C62-4CAF-81F6-FC6E8EE720A4}"
EndProject
Project("{2150E333-8FDC-42A3-9474-1A3956D46DE8}") = "SolutionItems", "SolutionItems", "{AC5E9995-AE91-45BC-8444-BB09E537D690}"
EndProject
Project("{9A19103F-16F7-4668-BE54-9A1E7A4F7556}") = "Base.Contracts.Domain", "Base.Contracts.Domain\Base.Contracts.Domain.csproj", "{468D1C9D-75F9-44A3-BBA8-A57371F78E2D}"
EndProject
Project("{9A19103F-16F7-4668-BE54-9A1E7A4F7556}") = "Base.Domain", "Base.Domain\Base.Domain.csproj", "{F1145151-73FE-4C35-9FDE-87A9F0286150}"
EndProject
Project("{9A19103F-16F7-4668-BE54-9A1E7A4F7556}") = "App.Domain", "App.Domain\App.Domain.csproj", "{B20391D5-3878-4E86-9C1D-2CD11B1BE189}"
EndProject
Project("{9A19103F-16F7-4668-BE54-9A1E7A4F7556}") = "App.DAL.EF", "App.DAL.EF\App.DAL.EF.csproj", "{895595DC-DFD8-4BDF-97CF-58C0609E4C1B}"
EndProject
Project("{9A19103F-16F7-4668-BE54-9A1E7A4F7556}") = "Base.DAL", "Base.DAL\Base.DAL.csproj", "{27310A17-689B-4844-92DF-DF6E1EA06C6A}"
EndProject
Project("{9A19103F-16F7-4668-BE54-9A1E7A4F7556}") = "Base.Contracts", "Base.Contracts\Base.Contracts.csproj", "{108A1099-618C-4CF9-90AB-651A7E09E0E2}"
EndProject
Project("{9A19103F-16F7-4668-BE54-9A1E7A4F7556}") = "Base.Contracts.DAL", "Base.Contracts.DAL\Base.Contracts.DAL.csproj", "{858BF448-22AE-4BC4-A783-6F7162493BED}"
EndProject
Project("{9A19103F-16F7-4668-BE54-9A1E7A4F7556}") = "App.Contracts.DAL", "App.Contracts.DAL\App.Contracts.DAL.csproj", "{2754DC4A-1B90-45E3-8BEA-FE40239F4479}"
EndProject
Project("{9A19103F-16F7-4668-BE54-9A1E7A4F7556}") = "App.DAL.DTO", "App.DAL.DTO\App.DAL.DTO.csproj", "{382708FD-379F-4046-91B7-2DB994484E63}"
EndProject
Project("{9A19103F-16F7-4668-BE54-9A1E7A4F7556}") = "Base.DAL.EF", "Base.DAL.EF\Base.DAL.EF.csproj", "{F61AEC85-FC7A-4E27-B4D7-CBF612409CD3}"
EndProject
Project("{FAE04EC0-301F-11D3-BF4B-00C04F79EFBC}") = "App.Enum", "App.Enum\App.Enum.csproj", "{4B795049-EED2-4D6B-894F-09FAFDF503B4}"
EndProject
Global
	GlobalSection(SolutionConfigurationPlatforms) = preSolution
		Debug|Any CPU = Debug|Any CPU
		Release|Any CPU = Release|Any CPU
	EndGlobalSection
	GlobalSection(ProjectConfigurationPlatforms) = postSolution
		{2C3223AD-5AD1-4E43-A255-A5F520F6DB49}.Debug|Any CPU.ActiveCfg = Debug|Any CPU
		{2C3223AD-5AD1-4E43-A255-A5F520F6DB49}.Debug|Any CPU.Build.0 = Debug|Any CPU
		{2C3223AD-5AD1-4E43-A255-A5F520F6DB49}.Release|Any CPU.ActiveCfg = Release|Any CPU
		{2C3223AD-5AD1-4E43-A255-A5F520F6DB49}.Release|Any CPU.Build.0 = Release|Any CPU
		{468D1C9D-75F9-44A3-BBA8-A57371F78E2D}.Debug|Any CPU.ActiveCfg = Debug|Any CPU
		{468D1C9D-75F9-44A3-BBA8-A57371F78E2D}.Debug|Any CPU.Build.0 = Debug|Any CPU
		{468D1C9D-75F9-44A3-BBA8-A57371F78E2D}.Release|Any CPU.ActiveCfg = Release|Any CPU
		{468D1C9D-75F9-44A3-BBA8-A57371F78E2D}.Release|Any CPU.Build.0 = Release|Any CPU
		{F1145151-73FE-4C35-9FDE-87A9F0286150}.Debug|Any CPU.ActiveCfg = Debug|Any CPU
		{F1145151-73FE-4C35-9FDE-87A9F0286150}.Debug|Any CPU.Build.0 = Debug|Any CPU
		{F1145151-73FE-4C35-9FDE-87A9F0286150}.Release|Any CPU.ActiveCfg = Release|Any CPU
		{F1145151-73FE-4C35-9FDE-87A9F0286150}.Release|Any CPU.Build.0 = Release|Any CPU
		{B20391D5-3878-4E86-9C1D-2CD11B1BE189}.Debug|Any CPU.ActiveCfg = Debug|Any CPU
		{B20391D5-3878-4E86-9C1D-2CD11B1BE189}.Debug|Any CPU.Build.0 = Debug|Any CPU
		{B20391D5-3878-4E86-9C1D-2CD11B1BE189}.Release|Any CPU.ActiveCfg = Release|Any CPU
		{B20391D5-3878-4E86-9C1D-2CD11B1BE189}.Release|Any CPU.Build.0 = Release|Any CPU
		{895595DC-DFD8-4BDF-97CF-58C0609E4C1B}.Debug|Any CPU.ActiveCfg = Debug|Any CPU
		{895595DC-DFD8-4BDF-97CF-58C0609E4C1B}.Debug|Any CPU.Build.0 = Debug|Any CPU
		{895595DC-DFD8-4BDF-97CF-58C0609E4C1B}.Release|Any CPU.ActiveCfg = Release|Any CPU
		{895595DC-DFD8-4BDF-97CF-58C0609E4C1B}.Release|Any CPU.Build.0 = Release|Any CPU
		{27310A17-689B-4844-92DF-DF6E1EA06C6A}.Debug|Any CPU.ActiveCfg = Debug|Any CPU
		{27310A17-689B-4844-92DF-DF6E1EA06C6A}.Debug|Any CPU.Build.0 = Debug|Any CPU
		{27310A17-689B-4844-92DF-DF6E1EA06C6A}.Release|Any CPU.ActiveCfg = Release|Any CPU
		{27310A17-689B-4844-92DF-DF6E1EA06C6A}.Release|Any CPU.Build.0 = Release|Any CPU
		{108A1099-618C-4CF9-90AB-651A7E09E0E2}.Debug|Any CPU.ActiveCfg = Debug|Any CPU
		{108A1099-618C-4CF9-90AB-651A7E09E0E2}.Debug|Any CPU.Build.0 = Debug|Any CPU
		{108A1099-618C-4CF9-90AB-651A7E09E0E2}.Release|Any CPU.ActiveCfg = Release|Any CPU
		{108A1099-618C-4CF9-90AB-651A7E09E0E2}.Release|Any CPU.Build.0 = Release|Any CPU
		{858BF448-22AE-4BC4-A783-6F7162493BED}.Debug|Any CPU.ActiveCfg = Debug|Any CPU
		{858BF448-22AE-4BC4-A783-6F7162493BED}.Debug|Any CPU.Build.0 = Debug|Any CPU
		{858BF448-22AE-4BC4-A783-6F7162493BED}.Release|Any CPU.ActiveCfg = Release|Any CPU
		{858BF448-22AE-4BC4-A783-6F7162493BED}.Release|Any CPU.Build.0 = Release|Any CPU
		{2754DC4A-1B90-45E3-8BEA-FE40239F4479}.Debug|Any CPU.ActiveCfg = Debug|Any CPU
		{2754DC4A-1B90-45E3-8BEA-FE40239F4479}.Debug|Any CPU.Build.0 = Debug|Any CPU
		{2754DC4A-1B90-45E3-8BEA-FE40239F4479}.Release|Any CPU.ActiveCfg = Release|Any CPU
		{2754DC4A-1B90-45E3-8BEA-FE40239F4479}.Release|Any CPU.Build.0 = Release|Any CPU
		{382708FD-379F-4046-91B7-2DB994484E63}.Debug|Any CPU.ActiveCfg = Debug|Any CPU
		{382708FD-379F-4046-91B7-2DB994484E63}.Debug|Any CPU.Build.0 = Debug|Any CPU
		{382708FD-379F-4046-91B7-2DB994484E63}.Release|Any CPU.ActiveCfg = Release|Any CPU
		{382708FD-379F-4046-91B7-2DB994484E63}.Release|Any CPU.Build.0 = Release|Any CPU
		{F61AEC85-FC7A-4E27-B4D7-CBF612409CD3}.Debug|Any CPU.ActiveCfg = Debug|Any CPU
		{F61AEC85-FC7A-4E27-B4D7-CBF612409CD3}.Debug|Any CPU.Build.0 = Debug|Any CPU
		{F61AEC85-FC7A-4E27-B4D7-CBF612409CD3}.Release|Any CPU.ActiveCfg = Release|Any CPU
		{F61AEC85-FC7A-4E27-B4D7-CBF612409CD3}.Release|Any CPU.Build.0 = Release|Any CPU
		{4B795049-EED2-4D6B-894F-09FAFDF503B4}.Debug|Any CPU.ActiveCfg = Debug|Any CPU
		{4B795049-EED2-4D6B-894F-09FAFDF503B4}.Debug|Any CPU.Build.0 = Debug|Any CPU
		{4B795049-EED2-4D6B-894F-09FAFDF503B4}.Release|Any CPU.ActiveCfg = Release|Any CPU
		{4B795049-EED2-4D6B-894F-09FAFDF503B4}.Release|Any CPU.Build.0 = Release|Any CPU
	EndGlobalSection
	GlobalSection(SolutionProperties) = preSolution
		HideSolutionNode = FALSE
	EndGlobalSection
	GlobalSection(NestedProjects) = preSolution
		{2C3223AD-5AD1-4E43-A255-A5F520F6DB49} = {4E923E88-45F5-4DD7-9384-200762688E91}
		{468D1C9D-75F9-44A3-BBA8-A57371F78E2D} = {57D2A7B3-3C62-4CAF-81F6-FC6E8EE720A4}
		{F1145151-73FE-4C35-9FDE-87A9F0286150} = {57D2A7B3-3C62-4CAF-81F6-FC6E8EE720A4}
		{B20391D5-3878-4E86-9C1D-2CD11B1BE189} = {4E923E88-45F5-4DD7-9384-200762688E91}
		{895595DC-DFD8-4BDF-97CF-58C0609E4C1B} = {4E923E88-45F5-4DD7-9384-200762688E91}
		{27310A17-689B-4844-92DF-DF6E1EA06C6A} = {57D2A7B3-3C62-4CAF-81F6-FC6E8EE720A4}
		{108A1099-618C-4CF9-90AB-651A7E09E0E2} = {57D2A7B3-3C62-4CAF-81F6-FC6E8EE720A4}
		{858BF448-22AE-4BC4-A783-6F7162493BED} = {57D2A7B3-3C62-4CAF-81F6-FC6E8EE720A4}
		{2754DC4A-1B90-45E3-8BEA-FE40239F4479} = {4E923E88-45F5-4DD7-9384-200762688E91}
		{382708FD-379F-4046-91B7-2DB994484E63} = {4E923E88-45F5-4DD7-9384-200762688E91}
		{F61AEC85-FC7A-4E27-B4D7-CBF612409CD3} = {57D2A7B3-3C62-4CAF-81F6-FC6E8EE720A4}
		{4B795049-EED2-4D6B-894F-09FAFDF503B4} = {4E923E88-45F5-4DD7-9384-200762688E91}
	EndGlobalSection
	GlobalSection(ExtensibilityGlobals) = postSolution
		SolutionGuid = {5648C6B2-17C5-420A-B154-B2CA3B4DA232}
	EndGlobalSection
EndGlobal
